<Solution>
  <Project Path="src/OpenVersus.Server.Core/OpenVersus.Server.Core.csproj" />
  <Folder Name="/src/">
    <Project Path="src/OpenVersus.Server.Proxy/OpenVersus.Server.Proxy.csproj" />
  </Folder>
  <Folder Name="/tests/">
    <Project Path="tests/OpenVersus.Server.Proxy.Tests/OpenVersus.Server.Proxy.Tests.csproj" />
  </Folder>
  <Project Path="src/OpenVersus.Server.Cli/OpenVersus.Server.Cli.csproj" />
  <Project Path="src/OpenVersus.Server.Http/OpenVersus.Server.Http.csproj" />
  <Project Path="src/OpenVersus.Server.MatchFlow/OpenVersus.Server.MatchFlow.csproj" />
  <Project Path="src/OpenVersus.Server.Matchmaking/OpenVersus.Server.Matchmaking.csproj" />
  <Project Path="tests/OpenVersus.Server.Cli.Tests/OpenVersus.Server.Cli.Tests.csproj" />
  <Project Path="tests/OpenVersus.Server.Core.Tests/OpenVersus.Server.Core.Tests.csproj" />
  <Project Path="tests/OpenVersus.Server.Http.Tests/OpenVersus.Server.Http.Tests.csproj" />
  <Project Path="tests/OpenVersus.Server.MatchFlow.Tests/OpenVersus.Server.MatchFlow.Tests.csproj" />
  <Project Path="tests/OpenVersus.Server.Matchmaking.Tests/OpenVersus.Server.Matchmaking.Tests.csproj" />
</Solution>
